
Microsoft Visual Studio Solution File, Format Version 12.00
Project("{FAE04EC0-301F-11D3-BF4B-00C04F79EFBC}") = "assignment5", "assignment5.csproj", "{1C4346EA-2EAA-4654-B8AF-3C6A5DB3CEBE}"
EndProject
Global
	GlobalSection(SolutionConfigurationPlatforms) = preSolution
		Debug|Any CPU = Debug|Any CPU
		Release|Any CPU = Release|Any CPU
	EndGlobalSection
	GlobalSection(ProjectConfigurationPlatforms) = postSolution
		{1C4346EA-2EAA-4654-B8AF-3C6A5DB3CEBE}.Debug|Any CPU.ActiveCfg = Debug|Any CPU
		{1C4346EA-2EAA-4654-B8AF-3C6A5DB3CEBE}.Debug|Any CPU.Build.0 = Debug|Any CPU
		{1C4346EA-2EAA-4654-B8AF-3C6A5DB3CEBE}.Release|Any CPU.ActiveCfg = Release|Any CPU
		{1C4346EA-2EAA-4654-B8AF-3C6A5DB3CEBE}.Release|Any CPU.Build.0 = Release|Any CPU
	EndGlobalSection
EndGlobal
